{
  "name": "mosaic-ifc4",
  "version": "0.1.0",
  "lockfileVersion": 3,
  "requires": true,
  "packages": {
    "": {
      "name": "mosaic-ifc4",
      "version": "0.1.0",
      "license": "ISC",
      "dependencies": {
        "mosaic-ts": "file:../ts",
        "web-ifc": "^0.0.77"
      },
      "devDependencies": {
        "@types/node": "^24.0.0",
        "typescript": "^5.7.0"
      }
    },
    "../ts": {
      "name": "mosaic-ts",
      "version": "0.1.0",
      "license": "ISC",
      "dependencies": {
        "@duckdb/node-api": "^1.5.5-r.4",
        "jszip": "^3.10.1"
      },
      "devDependencies": {
        "@types/node": "^24.0.0",
        "typescript": "^5.7.0"
      }
    },
    "node_modules/@types/node": {
      "version": "24.13.3",
      "resolved": "https://registry.npmjs.org/@types/node/-/node-24.13.3.tgz",
      "integrity": "sha512-Dh8vAsV36ig5wa9OX4pXvMc9D3Veibfw2wix0CUwYODLD8nkj9UsLjASr49nPg+2eKzxhBV+v7L8pXvT4e639Q==",
      "dev": true,
      "license": "MIT",
      "dependencies": {
        "undici-types": "~7.18.0"
      }
    },
    "node_modules/mosaic-ts": {
      "resolved": "../ts",
      "link": true
    },
    "node_modules/typescript": {
      "version": "5.9.3",
      "resolved": "https://registry.npmjs.org/typescript/-/typescript-5.9.3.tgz",
      "integrity": "sha512-jl1vZzPDinLr9eUt3J/t7V6FgNEw9QjvBPdysz9KfQDD41fQrC2Y4vKQdiaUpFT4bXlb1RHhLpp8wtm6M5TgSw==",
      "dev": true,
      "license": "Apache-2.0",
      "bin": {
        "tsc": "bin/tsc",
        "tsserver": "bin/tsserver"
      },
      "engines": {
        "node": ">=14.17"
      }
    },
    "node_modules/undici-types": {
      "version": "7.18.2",
      "resolved": "https://registry.npmjs.org/undici-types/-/undici-types-7.18.2.tgz",
      "integrity": "sha512-AsuCzffGHJybSaRrmr5eHr81mwJU3kjw6M+uprWvCXiNeN9SOGwQ3Jn8jb8m3Z6izVgknn1R0FTCEAP2QrLY/w==",
      "dev": true,
      "license": "MIT"
    },
    "node_modules/web-ifc": {
      "version": "0.0.77",
      "resolved": "https://registry.npmjs.org/web-ifc/-/web-ifc-0.0.77.tgz",
      "integrity": "sha512-VzQ0W/Iiqbidxn1ECUvz6qJ6p2sXBVNcOsUOBCETzy77psAH6yFLKQm74aXabkx3JH4OvFVHe8k1qS6+Z2zl1w==",
      "license": "MPL-2.0"
    }
  }
}
